
Microsoft Visual Studio Solution File, Format Version 12.00
# Visual Studio Version 16
VisualStudioVersion = 16.0.30717.126
MinimumVisualStudioVersion = 10.0.40219.1
Project("{FAE04EC0-301F-11D3-BF4B-00C04F79EFBC}") = "Client", "Client.csproj", "{DA75C804-D660-463B-90E9-7567492EB7BF}"
EndProject
Global
	GlobalSection(SolutionConfigurationPlatforms) = preSolution
		Debug|Any CPU = Debug|Any CPU
		Release|Any CPU = Release|Any CPU
	EndGlobalSection
	GlobalSection(ProjectConfigurationPlatforms) = postSolution
		{DA75C804-D660-463B-90E9-7567492EB7BF}.Debug|Any CPU.ActiveCfg = Debug|Any CPU
		{DA75C804-D660-463B-90E9-7567492EB7BF}.Debug|Any CPU.Build.0 = Debug|Any CPU
		{DA75C804-D660-463B-90E9-7567492EB7BF}.Release|Any CPU.ActiveCfg = Release|Any CPU
		{DA75C804-D660-463B-90E9-7567492EB7BF}.Release|Any CPU.Build.0 = Release|Any CPU
	EndGlobalSection
	GlobalSection(SolutionProperties) = preSolution
		HideSolutionNode = FALSE
	EndGlobalSection
	GlobalSection(ExtensibilityGlobals) = postSolution
		SolutionGuid = {3B71840B-D0B4-4220-9C50-0414CF03C4DE}
	EndGlobalSection
EndGlobal
